
Microsoft Visual Studio Solution File, Format Version 12.00
# Visual Studio Version 16
VisualStudioVersion = 16.0.31205.134
MinimumVisualStudioVersion = 10.0.40219.1
Project("{9A19103F-16F7-4668-BE54-9A1E7A4F7556}") = "Shop.WebAPI", "Shop.WebAPI\Shop.WebAPI.csproj", "{321CEFAD-B2A6-46D8-8A72-2FC570AEE03C}"
EndProject
Project("{2150E333-8FDC-42A3-9474-1A3956D46DE8}") = "Data Access Layer", "Data Access Layer", "{789F64AF-B4C7-4A20-B375-1CE7A49EBA9C}"
EndProject
Project("{9A19103F-16F7-4668-BE54-9A1E7A4F7556}") = "Shop.DAL.Core", "Shop.DAL.Core\Shop.DAL.Core.csproj", "{9CE00455-C10F-48E4-867B-089DD9164C6B}"
EndProject
Project("{9A19103F-16F7-4668-BE54-9A1E7A4F7556}") = "Shop.Business", "Shop.Business\Shop.Business.csproj", "{670386A0-A031-459E-AC72-0FBFC21DA209}"
EndProject
Project("{FAE04EC0-301F-11D3-BF4B-00C04F79EFBC}") = "Shop.UnitTests", "Shop.UnitTests\Shop.UnitTests.csproj", "{641D95F7-8D90-48AC-893C-5CECEAD34FB3}"
EndProject
Global
	GlobalSection(SolutionConfigurationPlatforms) = preSolution
		Debug|Any CPU = Debug|Any CPU
		Release|Any CPU = Release|Any CPU
	EndGlobalSection
	GlobalSection(ProjectConfigurationPlatforms) = postSolution
		{321CEFAD-B2A6-46D8-8A72-2FC570AEE03C}.Debug|Any CPU.ActiveCfg = Debug|Any CPU
		{321CEFAD-B2A6-46D8-8A72-2FC570AEE03C}.Debug|Any CPU.Build.0 = Debug|Any CPU
		{321CEFAD-B2A6-46D8-8A72-2FC570AEE03C}.Release|Any CPU.ActiveCfg = Release|Any CPU
		{321CEFAD-B2A6-46D8-8A72-2FC570AEE03C}.Release|Any CPU.Build.0 = Release|Any CPU
		{9CE00455-C10F-48E4-867B-089DD9164C6B}.Debug|Any CPU.ActiveCfg = Debug|Any CPU
		{9CE00455-C10F-48E4-867B-089DD9164C6B}.Debug|Any CPU.Build.0 = Debug|Any CPU
		{9CE00455-C10F-48E4-867B-089DD9164C6B}.Release|Any CPU.ActiveCfg = Release|Any CPU
		{9CE00455-C10F-48E4-867B-089DD9164C6B}.Release|Any CPU.Build.0 = Release|Any CPU
		{670386A0-A031-459E-AC72-0FBFC21DA209}.Debug|Any CPU.ActiveCfg = Debug|Any CPU
		{670386A0-A031-459E-AC72-0FBFC21DA209}.Debug|Any CPU.Build.0 = Debug|Any CPU
		{670386A0-A031-459E-AC72-0FBFC21DA209}.Release|Any CPU.ActiveCfg = Release|Any CPU
		{670386A0-A031-459E-AC72-0FBFC21DA209}.Release|Any CPU.Build.0 = Release|Any CPU
		{641D95F7-8D90-48AC-893C-5CECEAD34FB3}.Debug|Any CPU.ActiveCfg = Debug|Any CPU
		{641D95F7-8D90-48AC-893C-5CECEAD34FB3}.Debug|Any CPU.Build.0 = Debug|Any CPU
		{641D95F7-8D90-48AC-893C-5CECEAD34FB3}.Release|Any CPU.ActiveCfg = Release|Any CPU
		{641D95F7-8D90-48AC-893C-5CECEAD34FB3}.Release|Any CPU.Build.0 = Release|Any CPU
	EndGlobalSection
	GlobalSection(SolutionProperties) = preSolution
		HideSolutionNode = FALSE
	EndGlobalSection
	GlobalSection(NestedProjects) = preSolution
		{9CE00455-C10F-48E4-867B-089DD9164C6B} = {789F64AF-B4C7-4A20-B375-1CE7A49EBA9C}
	EndGlobalSection
	GlobalSection(ExtensibilityGlobals) = postSolution
		SolutionGuid = {0AFE70D1-E67E-4E1E-A599-923B6F26A358}
	EndGlobalSection
EndGlobal
